// !$*UTF8*$!
{
	archiveVersion = 1;
	classes = {
	};
	objectVersion = 46;
	objects = {

/* Begin PBXBuildFile section */
		AB262FAE1ABF32E70070DB20 /* main.m in Sources */ = {isa = PBXBuildFile; fileRef = AB262FAD1ABF32E70070DB20 /* main.m */; };
		AB262FB11ABF32E70070DB20 /* AppDelegate.m in Sources */ = {isa = PBXBuildFile; fileRef = AB262FB01ABF32E70070DB20 /* AppDelegate.m */; };
		AB262FB41ABF32E70070DB20 /* MasterViewController.m in Sources */ = {isa = PBXBuildFile; fileRef = AB262FB31ABF32E70070DB20 /* MasterViewController.m */; };
		AB262FB71ABF32E70070DB20 /* DetailViewController.m in Sources */ = {isa = PBXBuildFile; fileRef = AB262FB61ABF32E70070DB20 /* DetailViewController.m */; };
		AB262FBA1ABF32E70070DB20 /* Main.storyboard in Resources */ = {isa = PBXBuildFile; fileRef = AB262FB81ABF32E70070DB20 /* Main.storyboard */; };
		AB262FBC1ABF32E70070DB20 /* Images.xcassets in Resources */ = {isa = PBXBuildFile; fileRef = AB262FBB1ABF32E70070DB20 /* Images.xcassets */; };
		AB262FBF1ABF32E70070DB20 /* LaunchScreen.xib in Resources */ = {isa = PBXBuildFile; fileRef = AB262FBD1ABF32E70070DB20 /* LaunchScreen.xib */; };
		AB262FCB1ABF32E70070DB20 /* VoiceAppTest_v04Tests.m in Sources */ = {isa = PBXBuildFile; fileRef = AB262FCA1ABF32E70070DB20 /* VoiceAppTest_v04Tests.m */; };
		AB262FD61ABF76050070DB20 /* BeaconTableViewCell.m in Sources */ = {isa = PBXBuildFile; fileRef = AB262FD51ABF76050070DB20 /* BeaconTableViewCell.m */; };
		AB262FD91ABF7F260070DB20 /* HomeVoxNotificationRegion.m in Sources */ = {isa = PBXBuildFile; fileRef = AB262FD81ABF7F260070DB20 /* HomeVoxNotificationRegion.m */; };
		AB8E40531ABFB8DA0028CFD7 /* OpenEars.framework in Frameworks */ = {isa = PBXBuildFile; fileRef = AB8E40511ABFB8DA0028CFD7 /* OpenEars.framework */; };
		AB8E40541ABFB8DA0028CFD7 /* Slt.framework in Frameworks */ = {isa = PBXBuildFile; fileRef = AB8E40521ABFB8DA0028CFD7 /* Slt.framework */; };
		AB8E40561ABFB9000028CFD7 /* AcousticModelEnglish.bundle in Resources */ = {isa = PBXBuildFile; fileRef = AB8E40551ABFB9000028CFD7 /* AcousticModelEnglish.bundle */; };
		AB8E40581ABFB9100028CFD7 /* AVFoundation.framework in Frameworks */ = {isa = PBXBuildFile; fileRef = AB8E40571ABFB9100028CFD7 /* AVFoundation.framework */; };
		AB8E405A1ABFB9190028CFD7 /* AudioToolbox.framework in Frameworks */ = {isa = PBXBuildFile; fileRef = AB8E40591ABFB9190028CFD7 /* AudioToolbox.framework */; };
/* End PBXBuildFile section */

/* Begin PBXContainerItemProxy section */
		AB262FC51ABF32E70070DB20 /* PBXContainerItemProxy */ = {
			isa = PBXContainerItemProxy;
			containerPortal = AB262FA01ABF32E70070DB20 /* Project object */;
			proxyType = 1;
			remoteGlobalIDString = AB262FA71ABF32E70070DB20;
			remoteInfo = VoiceAppTest_v04;
		};
/* End PBXContainerItemProxy section */

/* Begin PBXFileReference section */
		AB262FA81ABF32E70070DB20 /* VoiceAppTest_v04.app */ = {isa = PBXFileReference; explicitFileType = wrapper.application; includeInIndex = 0; path = VoiceAppTest_v04.app; sourceTree = BUILT_PRODUCTS_DIR; };
		AB262FAC1ABF32E70070DB20 /* Info.plist */ = {isa = PBXFileReference; lastKnownFileType = text.plist.xml; path = Info.plist; sourceTree = "<group>"; };
		AB262FAD1ABF32E70070DB20 /* main.m */ = {isa = PBXFileReference; lastKnownFileType = sourcecode.c.objc; path = main.m; sourceTree = "<group>"; };
		AB262FAF1ABF32E70070DB20 /* AppDelegate.h */ = {isa = PBXFileReference; lastKnownFileType = sourcecode.c.h; path = AppDelegate.h; sourceTree = "<group>"; };
		AB262FB01ABF32E70070DB20 /* AppDelegate.m */ = {isa = PBXFileReference; lastKnownFileType = sourcecode.c.objc; path = AppDelegate.m; sourceTree = "<group>"; };
		AB262FB21ABF32E70070DB20 /* MasterViewController.h */ = {isa = PBXFileReference; lastKnownFileType = sourcecode.c.h; path = MasterViewController.h; sourceTree = "<group>"; };
		AB262FB31ABF32E70070DB20 /* MasterViewController.m */ = {isa = PBXFileReference; lastKnownFileType = sourcecode.c.objc; path = MasterViewController.m; sourceTree = "<group>"; };
		AB262FB51ABF32E70070DB20 /* DetailViewController.h */ = {isa = PBXFileReference; lastKnownFileType = sourcecode.c.h; path = DetailViewController.h; sourceTree = "<group>"; };
		AB262FB61ABF32E70070DB20 /* DetailViewController.m */ = {isa = PBXFileReference; lastKnownFileType = sourcecode.c.objc; path = DetailViewController.m; sourceTree = "<group>"; };
		AB262FB91ABF32E70070DB20 /* Base */ = {isa = PBXFileReference; lastKnownFileType = file.storyboard; name = Base; path = Base.lproj/Main.storyboard; sourceTree = "<group>"; };
		AB262FBB1ABF32E70070DB20 /* Images.xcassets */ = {isa = PBXFileReference; lastKnownFileType = folder.assetcatalog; path = Images.xcassets; sourceTree = "<group>"; };
		AB262FBE1ABF32E70070DB20 /* Base */ = {isa = PBXFileReference; lastKnownFileType = file.xib; name = Base; path = Base.lproj/LaunchScreen.xib; sourceTree = "<group>"; };
		AB262FC41ABF32E70070DB20 /* VoiceAppTest_v04Tests.xctest */ = {isa = PBXFileReference; explicitFileType = wrapper.cfbundle; includeInIndex = 0; path = VoiceAppTest_v04Tests.xctest; sourceTree = BUILT_PRODUCTS_DIR; };
		AB262FC91ABF32E70070DB20 /* Info.plist */ = {isa = PBXFileReference; lastKnownFileType = text.plist.xml; path = Info.plist; sourceTree = "<group>"; };
		AB262FCA1ABF32E70070DB20 /* VoiceAppTest_v04Tests.m */ = {isa = PBXFileReference; lastKnownFileType = sourcecode.c.objc; path = VoiceAppTest_v04Tests.m; sourceTree = "<group>"; };
		AB262FD41ABF76050070DB20 /* BeaconTableViewCell.h */ = {isa = PBXFileReference; fileEncoding = 4; lastKnownFileType = sourcecode.c.h; path = BeaconTableViewCell.h; sourceTree = "<group>"; };
		AB262FD51ABF76050070DB20 /* BeaconTableViewCell.m */ = {isa = PBXFileReference; fileEncoding = 4; lastKnownFileType = sourcecode.c.objc; path = BeaconTableViewCell.m; sourceTree = "<group>"; };
		AB262FD71ABF7F260070DB20 /* HomeVoxNotificationRegion.h */ = {isa = PBXFileReference; fileEncoding = 4; lastKnownFileType = sourcecode.c.h; path = HomeVoxNotificationRegion.h; sourceTree = "<group>"; };
		AB262FD81ABF7F260070DB20 /* HomeVoxNotificationRegion.m */ = {isa = PBXFileReference; fileEncoding = 4; lastKnownFileType = sourcecode.c.objc; path = HomeVoxNotificationRegion.m; sourceTree = "<group>"; };
		AB8E40511ABFB8DA0028CFD7 /* OpenEars.framework */ = {isa = PBXFileReference; lastKnownFileType = wrapper.framework; name = OpenEars.framework; path = Framework/OpenEars.framework; sourceTree = "<group>"; };
		AB8E40521ABFB8DA0028CFD7 /* Slt.framework */ = {isa = PBXFileReference; lastKnownFileType = wrapper.framework; name = Slt.framework; path = Framework/Slt.framework; sourceTree = "<group>"; };
		AB8E40551ABFB9000028CFD7 /* AcousticModelEnglish.bundle */ = {isa = PBXFileReference; lastKnownFileType = "wrapper.plug-in"; name = AcousticModelEnglish.bundle; path = Framework/AcousticModelEnglish.bundle; sourceTree = "<group>"; };
		AB8E40571ABFB9100028CFD7 /* AVFoundation.framework */ = {isa = PBXFileReference; lastKnownFileType = wrapper.framework; name = AVFoundation.framework; path = System/Library/Frameworks/AVFoundation.framework; sourceTree = SDKROOT; };
		AB8E40591ABFB9190028CFD7 /* AudioToolbox.framework */ = {isa = PBXFileReference; lastKnownFileType = wrapper.framework; name = AudioToolbox.framework; path = System/Library/Frameworks/AudioToolbox.framework; sourceTree = SDKROOT; };
/* End PBXFileReference section */

/* Begin PBXFrameworksBuildPhase section */
		AB262FA51ABF32E70070DB20 /* Frameworks */ = {
			isa = PBXFrameworksBuildPhase;
			buildActionMask = 2147483647;
			files = (
				AB8E405A1ABFB9190028CFD7 /* AudioToolbox.framework in Frameworks */,
				AB8E40581ABFB9100028CFD7 /* AVFoundation.framework in Frameworks */,
				AB8E40531ABFB8DA0028CFD7 /* OpenEars.framework in Frameworks */,
				AB8E40541ABFB8DA0028CFD7 /* Slt.framework in Frameworks */,
			);
			runOnlyForDeploymentPostprocessing = 0;
		};
		AB262FC11ABF32E70070DB20 /* Frameworks */ = {
			isa = PBXFrameworksBuildPhase;
			buildActionMask = 2147483647;
			files = (
			);
			runOnlyForDeploymentPostprocessing = 0;
		};
/* End PBXFrameworksBuildPhase section */

/* Begin PBXGroup section */
		AB262F9F1ABF32E70070DB20 = {
			isa = PBXGroup;
			children = (
				AB8E40551ABFB9000028CFD7 /* AcousticModelEnglish.bundle */,
				AB8E40591ABFB9190028CFD7 /* AudioToolbox.framework */,
				AB8E40571ABFB9100028CFD7 /* AVFoundation.framework */,
				AB8E40511ABFB8DA0028CFD7 /* OpenEars.framework */,
				AB8E40521ABFB8DA0028CFD7 /* Slt.framework */,
				AB262FAA1ABF32E70070DB20 /* VoiceAppTest_v04 */,
				AB262FC71ABF32E70070DB20 /* VoiceAppTest_v04Tests */,
				AB262FA91ABF32E70070DB20 /* Products */,
			);
			sourceTree = "<group>";
		};
		AB262FA91ABF32E70070DB20 /* Products */ = {
			isa = PBXGroup;
			children = (
				AB262FA81ABF32E70070DB20 /* VoiceAppTest_v04.app */,
				AB262FC41ABF32E70070DB20 /* VoiceAppTest_v04Tests.xctest */,
			);
			name = Products;
			sourceTree = "<group>";
		};
		AB262FAA1ABF32E70070DB20 /* VoiceAppTest_v04 */ = {
			isa = PBXGroup;
			children = (
				AB262FAF1ABF32E70070DB20 /* AppDelegate.h */,
				AB262FB01ABF32E70070DB20 /* AppDelegate.m */,
				AB262FB21ABF32E70070DB20 /* MasterViewController.h */,
				AB262FB31ABF32E70070DB20 /* MasterViewController.m */,
				AB262FB51ABF32E70070DB20 /* DetailViewController.h */,
				AB262FB61ABF32E70070DB20 /* DetailViewController.m */,
				AB262FB81ABF32E70070DB20 /* Main.storyboard */,
				AB262FBB1ABF32E70070DB20 /* Images.xcassets */,
				AB262FBD1ABF32E70070DB20 /* LaunchScreen.xib */,
				AB262FAB1ABF32E70070DB20 /* Supporting Files */,
				AB262FD41ABF76050070DB20 /* BeaconTableViewCell.h */,
				AB262FD51ABF76050070DB20 /* BeaconTableViewCell.m */,
				AB262FD71ABF7F260070DB20 /* HomeVoxNotificationRegion.h */,
				AB262FD81ABF7F260070DB20 /* HomeVoxNotificationRegion.m */,
			);
			path = VoiceAppTest_v04;
			sourceTree = "<group>";
		};
		AB262FAB1ABF32E70070DB20 /* Supporting Files */ = {
			isa = PBXGroup;
			children = (
				AB262FAC1ABF32E70070DB20 /* Info.plist */,
				AB262FAD1ABF32E70070DB20 /* main.m */,
			);
			name = "Supporting Files";
			sourceTree = "<group>";
		};
		AB262FC71ABF32E70070DB20 /* VoiceAppTest_v04Tests */ = {
			isa = PBXGroup;
			children = (
				AB262FCA1ABF32E70070DB20 /* VoiceAppTest_v04Tests.m */,
				AB262FC81ABF32E70070DB20 /* Supporting Files */,
			);
			path = VoiceAppTest_v04Tests;
			sourceTree = "<group>";
		};
		AB262FC81ABF32E70070DB20 /* Supporting Files */ = {
			isa = PBXGroup;
			children = (
				AB262FC91ABF32E70070DB20 /* Info.plist */,
			);
			name = "Supporting Files";
			sourceTree = "<group>";
		};
/* End PBXGroup section */

/* Begin PBXNativeTarget section */
		AB262FA71ABF32E70070DB20 /* VoiceAppTest_v04 */ = {
			isa = PBXNativeTarget;
			buildConfigurationList = AB262FCE1ABF32E70070DB20 /* Build configuration list for PBXNativeTarget "VoiceAppTest_v04" */;
			buildPhases = (
				AB262FA41ABF32E70070DB20 /* Sources */,
				AB262FA51ABF32E70070DB20 /* Frameworks */,
				AB262FA61ABF32E70070DB20 /* Resources */,
			);
			buildRules = (
			);
			dependencies = (
			);
			name = VoiceAppTest_v04;
			productName = VoiceAppTest_v04;
			productReference = AB262FA81ABF32E70070DB20 /* VoiceAppTest_v04.app */;
			productType = "com.apple.product-type.application";
		};
		AB262FC31ABF32E70070DB20 /* VoiceAppTest_v04Tests */ = {
			isa = PBXNativeTarget;
			buildConfigurationList = AB262FD11ABF32E70070DB20 /* Build configuration list for PBXNativeTarget "VoiceAppTest_v04Tests" */;
			buildPhases = (
				AB262FC01ABF32E70070DB20 /* Sources */,
				AB262FC11ABF32E70070DB20 /* Frameworks */,
				AB262FC21ABF32E70070DB20 /* Resources */,
			);
			buildRules = (
			);
			dependencies = (
				AB262FC61ABF32E70070DB20 /* PBXTargetDependency */,
			);
			name = VoiceAppTest_v04Tests;
			productName = VoiceAppTest_v04Tests;
			productReference = AB262FC41ABF32E70070DB20 /* VoiceAppTest_v04Tests.xctest */;
			productType = "com.apple.product-type.bundle.unit-test";
		};
/* End PBXNativeTarget section */

/* Begin PBXProject section */
		AB262FA01ABF32E70070DB20 /* Project object */ = {
			isa = PBXProject;
			attributes = {
				LastUpgradeCheck = 0620;
				ORGANIZATIONNAME = "Richard Lorenzen";
				TargetAttributes = {
					AB262FA71ABF32E70070DB20 = {
						CreatedOnToolsVersion = 6.2;
						SystemCapabilities = {
							com.apple.BackgroundModes = {
								enabled = 1;
							};
						};
					};
					AB262FC31ABF32E70070DB20 = {
						CreatedOnToolsVersion = 6.2;
						TestTargetID = AB262FA71ABF32E70070DB20;
					};
				};
			};
			buildConfigurationList = AB262FA31ABF32E70070DB20 /* Build configuration list for PBXProject "VoiceAppTest_v04" */;
			compatibilityVersion = "Xcode 3.2";
			developmentRegion = English;
			hasScannedForEncodings = 0;
			knownRegions = (
				en,
				Base,
			);
			mainGroup = AB262F9F1ABF32E70070DB20;
			productRefGroup = AB262FA91ABF32E70070DB20 /* Products */;
			projectDirPath = "";
			projectRoot = "";
			targets = (
				AB262FA71ABF32E70070DB20 /* VoiceAppTest_v04 */,
				AB262FC31ABF32E70070DB20 /* VoiceAppTest_v04Tests */,
			);
		};
/* End PBXProject section */

/* Begin PBXResourcesBuildPhase section */
		AB262FA61ABF32E70070DB20 /* Resources */ = {
			isa = PBXResourcesBuildPhase;
			buildActionMask = 2147483647;
			files = (
				AB8E40561ABFB9000028CFD7 /* AcousticModelEnglish.bundle in Resources */,
				AB262FBA1ABF32E70070DB20 /* Main.storyboard in Resources */,
				AB262FBF1ABF32E70070DB20 /* LaunchScreen.xib in Resources */,
				AB262FBC1ABF32E70070DB20 /* Images.xcassets in Resources */,
			);
			runOnlyForDeploymentPostprocessing = 0;
		};
		AB262FC21ABF32E70070DB20 /* Resources */ = {
			isa = PBXResourcesBuildPhase;
			buildActionMask = 2147483647;
			files = (
			);
			runOnlyForDeploymentPostprocessing = 0;
		};
/* End PBXResourcesBuildPhase section */

/* Begin PBXSourcesBuildPhase section */
		AB262FA41ABF32E70070DB20 /* Sources */ = {
			isa = PBXSourcesBuildPhase;
			buildActionMask = 2147483647;
			files = (
				AB262FB11ABF32E70070DB20 /* AppDelegate.m in Sources */,
				AB262FB41ABF32E70070DB20 /* MasterViewController.m in Sources */,
				AB262FD61ABF76050070DB20 /* BeaconTableViewCell.m in Sources */,
				AB262FAE1ABF32E70070DB20 /* main.m in Sources */,
				AB262FB71ABF32E70070DB20 /* DetailViewController.m in Sources */,
				AB262FD91ABF7F260070DB20 /* HomeVoxNotificationRegion.m in Sources */,
			);
			runOnlyForDeploymentPostprocessing = 0;
		};
		AB262FC01ABF32E70070DB20 /* Sources */ = {
			isa = PBXSourcesBuildPhase;
			buildActionMask = 2147483647;
			files = (
				AB262FCB1ABF32E70070DB20 /* VoiceAppTest_v04Tests.m in Sources */,
			);
			runOnlyForDeploymentPostprocessing = 0;
		};
/* End PBXSourcesBuildPhase section */

/* Begin PBXTargetDependency section */
		AB262FC61ABF32E70070DB20 /* PBXTargetDependency */ = {
			isa = PBXTargetDependency;
			target = AB262FA71ABF32E70070DB20 /* VoiceAppTest_v04 */;
			targetProxy = AB262FC51ABF32E70070DB20 /* PBXContainerItemProxy */;
		};
/* End PBXTargetDependency section */

/* Begin PBXVariantGroup section */
		AB262FB81ABF32E70070DB20 /* Main.storyboard */ = {
			isa = PBXVariantGroup;
			children = (
				AB262FB91ABF32E70070DB20 /* Base */,
			);
			name = Main.storyboard;
			sourceTree = "<group>";
		};
		AB262FBD1ABF32E70070DB20 /* LaunchScreen.xib */ = {
			isa = PBXVariantGroup;
			children = (
				AB262FBE1ABF32E70070DB20 /* Base */,
			);
			name = LaunchScreen.xib;
			sourceTree = "<group>";
		};
/* End PBXVariantGroup section */

/* Begin XCBuildConfiguration section */
		AB262FCC1ABF32E70070DB20 /* Debug */ = {
			isa = XCBuildConfiguration;
			buildSettings = {
				ALWAYS_SEARCH_USER_PATHS = NO;
				CLANG_CXX_LANGUAGE_STANDARD = "gnu++0x";
				CLANG_CXX_LIBRARY = "libc++";
				CLANG_ENABLE_MODULES = YES;
				CLANG_ENABLE_OBJC_ARC = YES;
				CLANG_WARN_BOOL_CONVERSION = YES;
				CLANG_WARN_CONSTANT_CONVERSION = YES;
				CLANG_WARN_DIRECT_OBJC_ISA_USAGE = YES_ERROR;
				CLANG_WARN_EMPTY_BODY = YES;
				CLANG_WARN_ENUM_CONVERSION = YES;
				CLANG_WARN_INT_CONVERSION = YES;
				CLANG_WARN_OBJC_ROOT_CLASS = YES_ERROR;
				CLANG_WARN_UNREACHABLE_CODE = YES;
				CLANG_WARN__DUPLICATE_METHOD_MATCH = YES;
				"CODE_SIGN_IDENTITY[sdk=iphoneos*]" = "iPhone Developer";
				COPY_PHASE_STRIP = NO;
				ENABLE_STRICT_OBJC_MSGSEND = YES;
				GCC_C_LANGUAGE_STANDARD = gnu99;
				GCC_DYNAMIC_NO_PIC = NO;
				GCC_OPTIMIZATION_LEVEL = 0;
				GCC_PREPROCESSOR_DEFINITIONS = (
					"DEBUG=1",
					"$(inherited)",
				);
				GCC_SYMBOLS_PRIVATE_EXTERN = NO;
				GCC_WARN_64_TO_32_BIT_CONVERSION = YES;
				GCC_WARN_ABOUT_RETURN_TYPE = YES_ERROR;
				GCC_WARN_UNDECLARED_SELECTOR = YES;
				GCC_WARN_UNINITIALIZED_AUTOS = YES_AGGRESSIVE;
				GCC_WARN_UNUSED_FUNCTION = YES;
				GCC_WARN_UNUSED_VARIABLE = YES;
				IPHONEOS_DEPLOYMENT_TARGET = 8.2;
				MTL_ENABLE_DEBUG_INFO = YES;
				ONLY_ACTIVE_ARCH = YES;
				SDKROOT = iphoneos;
			};
			name = Debug;
		};
		AB262FCD1ABF32E70070DB20 /* Release */ = {
			isa = XCBuildConfiguration;
			buildSettings = {
				ALWAYS_SEARCH_USER_PATHS = NO;
				CLANG_CXX_LANGUAGE_STANDARD = "gnu++0x";
				CLANG_CXX_LIBRARY = "libc++";
				CLANG_ENABLE_MODULES = YES;
				CLANG_ENABLE_OBJC_ARC = YES;
				CLANG_WARN_BOOL_CONVERSION = YES;
				CLANG_WARN_CONSTANT_CONVERSION = YES;
				CLANG_WARN_DIRECT_OBJC_ISA_USAGE = YES_ERROR;
				CLANG_WARN_EMPTY_BODY = YES;
				CLANG_WARN_ENUM_CONVERSION = YES;
				CLANG_WARN_INT_CONVERSION = YES;
				CLANG_WARN_OBJC_ROOT_CLASS = YES_ERROR;
				CLANG_WARN_UNREACHABLE_CODE = YES;
				CLANG_WARN__DUPLICATE_METHOD_MATCH = YES;
				"CODE_SIGN_IDENTITY[sdk=iphoneos*]" = "iPhone Developer";
				COPY_PHASE_STRIP = NO;
				ENABLE_NS_ASSERTIONS = NO;
				ENABLE_STRICT_OBJC_MSGSEND = YES;
				GCC_C_LANGUAGE_STANDARD = gnu99;
				GCC_WARN_64_TO_32_BIT_CONVERSION = YES;
				GCC_WARN_ABOUT_RETURN_TYPE = YES_ERROR;
				GCC_WARN_UNDECLARED_SELECTOR = YES;
				GCC_WARN_UNINITIALIZED_AUTOS = YES_AGGRESSIVE;
				GCC_WARN_UNUSED_FUNCTION = YES;
				GCC_WARN_UNUSED_VARIABLE = YES;
				IPHONEOS_DEPLOYMENT_TARGET = 8.2;
				MTL_ENABLE_DEBUG_INFO = NO;
				SDKROOT = iphoneos;
				VALIDATE_PRODUCT = YES;
			};
			name = Release;
		};
		AB262FCF1ABF32E70070DB20 /* Debug */ = {
			isa = XCBuildConfiguration;
			buildSettings = {
				ASSETCATALOG_COMPILER_APPICON_NAME = AppIcon;
				FRAMEWORK_SEARCH_PATHS = (
					"$(inherited)",
					"$(PROJECT_DIR)/Framework",
				);
				INFOPLIST_FILE = VoiceAppTest_v04/Info.plist;
				LD_RUNPATH_SEARCH_PATHS = "$(inherited) @executable_path/Frameworks";
				PRODUCT_NAME = "$(TARGET_NAME)";
			};
			name = Debug;
		};
		AB262FD01ABF32E70070DB20 /* Release */ = {
			isa = XCBuildConfiguration;
			buildSettings = {
				ASSETCATALOG_COMPILER_APPICON_NAME = AppIcon;
				FRAMEWORK_SEARCH_PATHS = (
					"$(inherited)",
					"$(PROJECT_DIR)/Framework",
				);
				INFOPLIST_FILE = VoiceAppTest_v04/Info.plist;
				LD_RUNPATH_SEARCH_PATHS = "$(inherited) @executable_path/Frameworks";
				PRODUCT_NAME = "$(TARGET_NAME)";
			};
			name = Release;
		};
		AB262FD21ABF32E70070DB20 /* Debug */ = {
			isa = XCBuildConfiguration;
			buildSettings = {
				BUNDLE_LOADER = "$(TEST_HOST)";
				FRAMEWORK_SEARCH_PATHS = (
					"$(SDKROOT)/Developer/Library/Frameworks",
					"$(inherited)",
				);
				GCC_PREPROCESSOR_DEFINITIONS = (
					"DEBUG=1",
					"$(inherited)",
				);
				INFOPLIST_FILE = VoiceAppTest_v04Tests/Info.plist;
				LD_RUNPATH_SEARCH_PATHS = "$(inherited) @executable_path/Frameworks @loader_path/Frameworks";
				PRODUCT_NAME = "$(TARGET_NAME)";
				TEST_HOST = "$(BUILT_PRODUCTS_DIR)/VoiceAppTest_v04.app/VoiceAppTest_v04";
			};
			name = Debug;
		};
		AB262FD31ABF32E70070DB20 /* Release */ = {
			isa = XCBuildConfiguration;
			buildSettings = {
				BUNDLE_LOADER = "$(TEST_HOST)";
				FRAMEWORK_SEARCH_PATHS = (
					"$(SDKROOT)/Developer/Library/Frameworks",
					"$(inherited)",
				);
				INFOPLIST_FILE = VoiceAppTest_v04Tests/Info.plist;
				LD_RUNPATH_SEARCH_PATHS = "$(inherited) @executable_path/Frameworks @loader_path/Frameworks";
				PRODUCT_NAME = "$(TARGET_NAME)";
				TEST_HOST = "$(BUILT_PRODUCTS_DIR)/VoiceAppTest_v04.app/VoiceAppTest_v04";
			};
			name = Release;
		};
/* End XCBuildConfiguration section */

/* Begin XCConfigurationList section */
		AB262FA31ABF32E70070DB20 /* Build configuration list for PBXProject "VoiceAppTest_v04" */ = {
			isa = XCConfigurationList;
			buildConfigurations = (
				AB262FCC1ABF32E70070DB20 /* Debug */,
				AB262FCD1ABF32E70070DB20 /* Release */,
			);
			defaultConfigurationIsVisible = 0;
			defaultConfigurationName = Release;
		};
		AB262FCE1ABF32E70070DB20 /* Build configuration list for PBXNativeTarget "VoiceAppTest_v04" */ = {
			isa = XCConfigurationList;
			buildConfigurations = (
				AB262FCF1ABF32E70070DB20 /* Debug */,
				AB262FD01ABF32E70070DB20 /* Release */,
			);
			defaultConfigurationIsVisible = 0;
			defaultConfigurationName = Release;
		};
		AB262FD11ABF32E70070DB20 /* Build configuration list for PBXNativeTarget "VoiceAppTest_v04Tests" */ = {
			isa = XCConfigurationList;
			buildConfigurations = (
				AB262FD21ABF32E70070DB20 /* Debug */,
				AB262FD31ABF32E70070DB20 /* Release */,
			);
			defaultConfigurationIsVisible = 0;
			defaultConfigurationName = Release;
		};
/* End XCConfigurationList section */
	};
	rootObject = AB262FA01ABF32E70070DB20 /* Project object */;
}
